
Microsoft Visual Studio Solution File, Format Version 12.00
# Visual Studio Version 16
VisualStudioVersion = 16.0.30907.101
MinimumVisualStudioVersion = 10.0.40219.1
Project("{FAE04EC0-301F-11D3-BF4B-00C04F79EFBC}") = "Delegate Invoke", "Delegate Invoke\Delegate Invoke.csproj", "{A0CEDC63-D320-4B0B-8146-FD33F460ABAF}"
EndProject
Global
	GlobalSection(SolutionConfigurationPlatforms) = preSolution
		Debug|Any CPU = Debug|Any CPU
		Release|Any CPU = Release|Any CPU
	EndGlobalSection
	GlobalSection(ProjectConfigurationPlatforms) = postSolution
		{A0CEDC63-D320-4B0B-8146-FD33F460ABAF}.Debug|Any CPU.ActiveCfg = Debug|Any CPU
		{A0CEDC63-D320-4B0B-8146-FD33F460ABAF}.Debug|Any CPU.Build.0 = Debug|Any CPU
		{A0CEDC63-D320-4B0B-8146-FD33F460ABAF}.Release|Any CPU.ActiveCfg = Release|Any CPU
		{A0CEDC63-D320-4B0B-8146-FD33F460ABAF}.Release|Any CPU.Build.0 = Release|Any CPU
	EndGlobalSection
	GlobalSection(SolutionProperties) = preSolution
		HideSolutionNode = FALSE
	EndGlobalSection
	GlobalSection(ExtensibilityGlobals) = postSolution
		SolutionGuid = {A6254EC4-2F52-4A22-8E4C-41BC1D5EE0C3}
	EndGlobalSection
EndGlobal
